
Microsoft Visual Studio Solution File, Format Version 12.00
# Visual Studio Version 17
VisualStudioVersion = 17.2.32519.379
MinimumVisualStudioVersion = 10.0.40219.1
Project("{FAE04EC0-301F-11D3-BF4B-00C04F79EFBC}") = "EveTradeFinder", "EveTradeFinder.csproj", "{60EB657B-430B-4A10-9A91-58976DB32065}"
EndProject
Project("{FAE04EC0-301F-11D3-BF4B-00C04F79EFBC}") = "DBModels", "..\DBModels\DBModels.csproj", "{F5021E6B-B952-4D82-90E8-52637DA65EE4}"
EndProject
Global
	GlobalSection(SolutionConfigurationPlatforms) = preSolution
		Debug|Any CPU = Debug|Any CPU
		Release|Any CPU = Release|Any CPU
	EndGlobalSection
	GlobalSection(ProjectConfigurationPlatforms) = postSolution
		{60EB657B-430B-4A10-9A91-58976DB32065}.Debug|Any CPU.ActiveCfg = Debug|Any CPU
		{60EB657B-430B-4A10-9A91-58976DB32065}.Debug|Any CPU.Build.0 = Debug|Any CPU
		{60EB657B-430B-4A10-9A91-58976DB32065}.Release|Any CPU.ActiveCfg = Release|Any CPU
		{60EB657B-430B-4A10-9A91-58976DB32065}.Release|Any CPU.Build.0 = Release|Any CPU
		{F5021E6B-B952-4D82-90E8-52637DA65EE4}.Debug|Any CPU.ActiveCfg = Debug|Any CPU
		{F5021E6B-B952-4D82-90E8-52637DA65EE4}.Debug|Any CPU.Build.0 = Debug|Any CPU
		{F5021E6B-B952-4D82-90E8-52637DA65EE4}.Release|Any CPU.ActiveCfg = Release|Any CPU
		{F5021E6B-B952-4D82-90E8-52637DA65EE4}.Release|Any CPU.Build.0 = Release|Any CPU
	EndGlobalSection
	GlobalSection(SolutionProperties) = preSolution
		HideSolutionNode = FALSE
	EndGlobalSection
	GlobalSection(ExtensibilityGlobals) = postSolution
		SolutionGuid = {5EE89AAC-79CB-4DC4-B6E1-C71D3DC217E6}
	EndGlobalSection
EndGlobal
